
Microsoft Visual Studio Solution File, Format Version 12.00
# Visual Studio 15
VisualStudioVersion = 15.0.28307.1433
MinimumVisualStudioVersion = 10.0.40219.1
Project("{8BC9CEB8-8B4A-11D0-8D11-00A0C91BC942}") = "colour-led", "colour-led.vcxproj", "{C5F80730-F44F-4478-BDAE-6634EFC2CA88}"
EndProject
Project("{8BC9CEB8-8B4A-11D0-8D11-00A0C91BC942}") = "DataPointType", "..\My Examples\DataPointType\DataPointType.vcxproj", "{10D21075-E0E3-45B1-A621-0F4F841A35C1}"
EndProject
Global
	GlobalSection(SolutionConfigurationPlatforms) = preSolution
		Debug|x86 = Debug|x86
		Release|x86 = Release|x86
	EndGlobalSection
	GlobalSection(ProjectConfigurationPlatforms) = postSolution
		{C5F80730-F44F-4478-BDAE-6634EFC2CA88}.Debug|x86.ActiveCfg = Debug|Win32
		{C5F80730-F44F-4478-BDAE-6634EFC2CA88}.Debug|x86.Build.0 = Debug|Win32
		{C5F80730-F44F-4478-BDAE-6634EFC2CA88}.Release|x86.ActiveCfg = Release|Win32
		{C5F80730-F44F-4478-BDAE-6634EFC2CA88}.Release|x86.Build.0 = Release|Win32
		{10D21075-E0E3-45B1-A621-0F4F841A35C1}.Debug|x86.ActiveCfg = Debug|Win32
		{10D21075-E0E3-45B1-A621-0F4F841A35C1}.Debug|x86.Build.0 = Debug|Win32
		{10D21075-E0E3-45B1-A621-0F4F841A35C1}.Release|x86.ActiveCfg = Release|Win32
		{10D21075-E0E3-45B1-A621-0F4F841A35C1}.Release|x86.Build.0 = Release|Win32
	EndGlobalSection
	GlobalSection(SolutionProperties) = preSolution
		HideSolutionNode = FALSE
	EndGlobalSection
	GlobalSection(ExtensibilityGlobals) = postSolution
		SolutionGuid = {EA99C700-4E1F-43E6-94A8-8A32BE231C91}
	EndGlobalSection
EndGlobal
